
Microsoft Visual Studio Solution File, Format Version 12.00
# Visual Studio Version 16
VisualStudioVersion = 16.0.29806.167
MinimumVisualStudioVersion = 10.0.40219.1
Project("{FAE04EC0-301F-11D3-BF4B-00C04F79EFBC}") = "Blood_Analysis", "Blood_Analysis.csproj", "{AA8B4EFD-4756-44C1-85FB-FB35AC6836F1}"
EndProject
Global
	GlobalSection(SolutionConfigurationPlatforms) = preSolution
		Debug|Any CPU = Debug|Any CPU
		Release|Any CPU = Release|Any CPU
	EndGlobalSection
	GlobalSection(ProjectConfigurationPlatforms) = postSolution
		{AA8B4EFD-4756-44C1-85FB-FB35AC6836F1}.Debug|Any CPU.ActiveCfg = Debug|Any CPU
		{AA8B4EFD-4756-44C1-85FB-FB35AC6836F1}.Debug|Any CPU.Build.0 = Debug|Any CPU
		{AA8B4EFD-4756-44C1-85FB-FB35AC6836F1}.Release|Any CPU.ActiveCfg = Release|Any CPU
		{AA8B4EFD-4756-44C1-85FB-FB35AC6836F1}.Release|Any CPU.Build.0 = Release|Any CPU
	EndGlobalSection
	GlobalSection(SolutionProperties) = preSolution
		HideSolutionNode = FALSE
	EndGlobalSection
	GlobalSection(ExtensibilityGlobals) = postSolution
		SolutionGuid = {DDB06F35-8AD9-42E8-883E-C51A0D5447E7}
	EndGlobalSection
EndGlobal
